// !$*UTF8*$!
{
	archiveVersion = 1;
	classes = {
	};
	objectVersion = 55;
	objects = {

/* Begin PBXBuildFile section */
		AD89FE1F27BFD01900DA59FD /* InstagramDemoApp.swift in Sources */ = {isa = PBXBuildFile; fileRef = AD89FE1E27BFD01900DA59FD /* InstagramDemoApp.swift */; };
		AD89FE2327BFD01B00DA59FD /* Assets.xcassets in Resources */ = {isa = PBXBuildFile; fileRef = AD89FE2227BFD01B00DA59FD /* Assets.xcassets */; };
		AD89FE2627BFD01B00DA59FD /* Preview Assets.xcassets in Resources */ = {isa = PBXBuildFile; fileRef = AD89FE2527BFD01B00DA59FD /* Preview Assets.xcassets */; };
		AD89FE2D27BFD02C00DA59FD /* HomeScreen.swift in Sources */ = {isa = PBXBuildFile; fileRef = AD89FE2C27BFD02C00DA59FD /* HomeScreen.swift */; };
		AD89FE2F27BFD03B00DA59FD /* SignInScreen.swift in Sources */ = {isa = PBXBuildFile; fileRef = AD89FE2E27BFD03B00DA59FD /* SignInScreen.swift */; };
		AD89FE3127BFD04800DA59FD /* SignUpScreen.swift in Sources */ = {isa = PBXBuildFile; fileRef = AD89FE3027BFD04800DA59FD /* SignUpScreen.swift */; };
		AD89FE3327BFD3B500DA59FD /* StarterScreen.swift in Sources */ = {isa = PBXBuildFile; fileRef = AD89FE3227BFD3B500DA59FD /* StarterScreen.swift */; };
		ADAA3E2227C0D5B300880BE9 /* ItemPost.swift in Sources */ = {isa = PBXBuildFile; fileRef = ADAA3E2127C0D5B300880BE9 /* ItemPost.swift */; };
		ADAA3E2427C0E2AD00880BE9 /* ItemStory.swift in Sources */ = {isa = PBXBuildFile; fileRef = ADAA3E2327C0E2AD00880BE9 /* ItemStory.swift */; };
		ADAA3E2627C0E69900880BE9 /* AddStory.swift in Sources */ = {isa = PBXBuildFile; fileRef = ADAA3E2527C0E69900880BE9 /* AddStory.swift */; };
/* End PBXBuildFile section */

/* Begin PBXFileReference section */
		AD89FE1B27BFD01900DA59FD /* InstagramDemo.app */ = {isa = PBXFileReference; explicitFileType = wrapper.application; includeInIndex = 0; path = InstagramDemo.app; sourceTree = BUILT_PRODUCTS_DIR; };
		AD89FE1E27BFD01900DA59FD /* InstagramDemoApp.swift */ = {isa = PBXFileReference; lastKnownFileType = sourcecode.swift; path = InstagramDemoApp.swift; sourceTree = "<group>"; };
		AD89FE2227BFD01B00DA59FD /* Assets.xcassets */ = {isa = PBXFileReference; lastKnownFileType = folder.assetcatalog; path = Assets.xcassets; sourceTree = "<group>"; };
		AD89FE2527BFD01B00DA59FD /* Preview Assets.xcassets */ = {isa = PBXFileReference; lastKnownFileType = folder.assetcatalog; path = "Preview Assets.xcassets"; sourceTree = "<group>"; };
		AD89FE2C27BFD02C00DA59FD /* HomeScreen.swift */ = {isa = PBXFileReference; lastKnownFileType = sourcecode.swift; path = HomeScreen.swift; sourceTree = "<group>"; };
		AD89FE2E27BFD03B00DA59FD /* SignInScreen.swift */ = {isa = PBXFileReference; lastKnownFileType = sourcecode.swift; path = SignInScreen.swift; sourceTree = "<group>"; };
		AD89FE3027BFD04800DA59FD /* SignUpScreen.swift */ = {isa = PBXFileReference; lastKnownFileType = sourcecode.swift; path = SignUpScreen.swift; sourceTree = "<group>"; };
		AD89FE3227BFD3B500DA59FD /* StarterScreen.swift */ = {isa = PBXFileReference; lastKnownFileType = sourcecode.swift; path = StarterScreen.swift; sourceTree = "<group>"; };
		ADAA3E2127C0D5B300880BE9 /* ItemPost.swift */ = {isa = PBXFileReference; lastKnownFileType = sourcecode.swift; path = ItemPost.swift; sourceTree = "<group>"; };
		ADAA3E2327C0E2AD00880BE9 /* ItemStory.swift */ = {isa = PBXFileReference; lastKnownFileType = sourcecode.swift; path = ItemStory.swift; sourceTree = "<group>"; };
		ADAA3E2527C0E69900880BE9 /* AddStory.swift */ = {isa = PBXFileReference; lastKnownFileType = sourcecode.swift; path = AddStory.swift; sourceTree = "<group>"; };
/* End PBXFileReference section */

/* Begin PBXFrameworksBuildPhase section */
		AD89FE1827BFD01900DA59FD /* Frameworks */ = {
			isa = PBXFrameworksBuildPhase;
			buildActionMask = 2147483647;
			files = (
			);
			runOnlyForDeploymentPostprocessing = 0;
		};
/* End PBXFrameworksBuildPhase section */

/* Begin PBXGroup section */
		AD89FE1227BFD01900DA59FD = {
			isa = PBXGroup;
			children = (
				AD89FE1D27BFD01900DA59FD /* InstagramDemo */,
				AD89FE1C27BFD01900DA59FD /* Products */,
			);
			sourceTree = "<group>";
		};
		AD89FE1C27BFD01900DA59FD /* Products */ = {
			isa = PBXGroup;
			children = (
				AD89FE1B27BFD01900DA59FD /* InstagramDemo.app */,
			);
			name = Products;
			sourceTree = "<group>";
		};
		AD89FE1D27BFD01900DA59FD /* InstagramDemo */ = {
			isa = PBXGroup;
			children = (
				ADAA3E2027C0D59300880BE9 /* cells */,
				AD89FE1E27BFD01900DA59FD /* InstagramDemoApp.swift */,
				AD89FE3227BFD3B500DA59FD /* StarterScreen.swift */,
				AD89FE2C27BFD02C00DA59FD /* HomeScreen.swift */,
				AD89FE3027BFD04800DA59FD /* SignUpScreen.swift */,
				AD89FE2E27BFD03B00DA59FD /* SignInScreen.swift */,
				AD89FE2227BFD01B00DA59FD /* Assets.xcassets */,
				AD89FE2427BFD01B00DA59FD /* Preview Content */,
			);
			path = InstagramDemo;
			sourceTree = "<group>";
		};
		AD89FE2427BFD01B00DA59FD /* Preview Content */ = {
			isa = PBXGroup;
			children = (
				AD89FE2527BFD01B00DA59FD /* Preview Assets.xcassets */,
			);
			path = "Preview Content";
			sourceTree = "<group>";
		};
		ADAA3E2027C0D59300880BE9 /* cells */ = {
			isa = PBXGroup;
			children = (
				ADAA3E2127C0D5B300880BE9 /* ItemPost.swift */,
				ADAA3E2327C0E2AD00880BE9 /* ItemStory.swift */,
				ADAA3E2527C0E69900880BE9 /* AddStory.swift */,
			);
			path = cells;
			sourceTree = "<group>";
		};
/* End PBXGroup section */

/* Begin PBXNativeTarget section */
		AD89FE1A27BFD01900DA59FD /* InstagramDemo */ = {
			isa = PBXNativeTarget;
			buildConfigurationList = AD89FE2927BFD01B00DA59FD /* Build configuration list for PBXNativeTarget "InstagramDemo" */;
			buildPhases = (
				AD89FE1727BFD01900DA59FD /* Sources */,
				AD89FE1827BFD01900DA59FD /* Frameworks */,
				AD89FE1927BFD01900DA59FD /* Resources */,
			);
			buildRules = (
			);
			dependencies = (
			);
			name = InstagramDemo;
			productName = InstagramDemo;
			productReference = AD89FE1B27BFD01900DA59FD /* InstagramDemo.app */;
			productType = "com.apple.product-type.application";
		};
/* End PBXNativeTarget section */

/* Begin PBXProject section */
		AD89FE1327BFD01900DA59FD /* Project object */ = {
			isa = PBXProject;
			attributes = {
				BuildIndependentTargetsInParallel = 1;
				LastSwiftUpdateCheck = 1320;
				LastUpgradeCheck = 1320;
				TargetAttributes = {
					AD89FE1A27BFD01900DA59FD = {
						CreatedOnToolsVersion = 13.2.1;
					};
				};
			};
			buildConfigurationList = AD89FE1627BFD01900DA59FD /* Build configuration list for PBXProject "InstagramDemo" */;
			compatibilityVersion = "Xcode 13.0";
			developmentRegion = en;
			hasScannedForEncodings = 0;
			knownRegions = (
				en,
				Base,
			);
			mainGroup = AD89FE1227BFD01900DA59FD;
			productRefGroup = AD89FE1C27BFD01900DA59FD /* Products */;
			projectDirPath = "";
			projectRoot = "";
			targets = (
				AD89FE1A27BFD01900DA59FD /* InstagramDemo */,
			);
		};
/* End PBXProject section */

/* Begin PBXResourcesBuildPhase section */
		AD89FE1927BFD01900DA59FD /* Resources */ = {
			isa = PBXResourcesBuildPhase;
			buildActionMask = 2147483647;
			files = (
				AD89FE2627BFD01B00DA59FD /* Preview Assets.xcassets in Resources */,
				AD89FE2327BFD01B00DA59FD /* Assets.xcassets in Resources */,
			);
			runOnlyForDeploymentPostprocessing = 0;
		};
/* End PBXResourcesBuildPhase section */

/* Begin PBXSourcesBuildPhase section */
		AD89FE1727BFD01900DA59FD /* Sources */ = {
			isa = PBXSourcesBuildPhase;
			buildActionMask = 2147483647;
			files = (
				AD89FE3127BFD04800DA59FD /* SignUpScreen.swift in Sources */,
				AD89FE2F27BFD03B00DA59FD /* SignInScreen.swift in Sources */,
				ADAA3E2227C0D5B300880BE9 /* ItemPost.swift in Sources */,
				ADAA3E2627C0E69900880BE9 /* AddStory.swift in Sources */,
				AD89FE1F27BFD01900DA59FD /* InstagramDemoApp.swift in Sources */,
				ADAA3E2427C0E2AD00880BE9 /* ItemStory.swift in Sources */,
				AD89FE2D27BFD02C00DA59FD /* HomeScreen.swift in Sources */,
				AD89FE3327BFD3B500DA59FD /* StarterScreen.swift in Sources */,
			);
			runOnlyForDeploymentPostprocessing = 0;
		};
/* End PBXSourcesBuildPhase section */

/* Begin XCBuildConfiguration section */
		AD89FE2727BFD01B00DA59FD /* Debug */ = {
			isa = XCBuildConfiguration;
			buildSettings = {
				ALWAYS_SEARCH_USER_PATHS = NO;
				CLANG_ANALYZER_NONNULL = YES;
				CLANG_ANALYZER_NUMBER_OBJECT_CONVERSION = YES_AGGRESSIVE;
				CLANG_CXX_LANGUAGE_STANDARD = "gnu++17";
				CLANG_CXX_LIBRARY = "libc++";
				CLANG_ENABLE_MODULES = YES;
				CLANG_ENABLE_OBJC_ARC = YES;
				CLANG_ENABLE_OBJC_WEAK = YES;
				CLANG_WARN_BLOCK_CAPTURE_AUTORELEASING = YES;
				CLANG_WARN_BOOL_CONVERSION = YES;
				CLANG_WARN_COMMA = YES;
				CLANG_WARN_CONSTANT_CONVERSION = YES;
				CLANG_WARN_DEPRECATED_OBJC_IMPLEMENTATIONS = YES;
				CLANG_WARN_DIRECT_OBJC_ISA_USAGE = YES_ERROR;
				CLANG_WARN_DOCUMENTATION_COMMENTS = YES;
				CLANG_WARN_EMPTY_BODY = YES;
				CLANG_WARN_ENUM_CONVERSION = YES;
				CLANG_WARN_INFINITE_RECURSION = YES;
				CLANG_WARN_INT_CONVERSION = YES;
				CLANG_WARN_NON_LITERAL_NULL_CONVERSION = YES;
				CLANG_WARN_OBJC_IMPLICIT_RETAIN_SELF = YES;
				CLANG_WARN_OBJC_LITERAL_CONVERSION = YES;
				CLANG_WARN_OBJC_ROOT_CLASS = YES_ERROR;
				CLANG_WARN_QUOTED_INCLUDE_IN_FRAMEWORK_HEADER = YES;
				CLANG_WARN_RANGE_LOOP_ANALYSIS = YES;
				CLANG_WARN_STRICT_PROTOTYPES = YES;
				CLANG_WARN_SUSPICIOUS_MOVE = YES;
				CLANG_WARN_UNGUARDED_AVAILABILITY = YES_AGGRESSIVE;
				CLANG_WARN_UNREACHABLE_CODE = YES;
				CLANG_WARN__DUPLICATE_METHOD_MATCH = YES;
				COPY_PHASE_STRIP = NO;
				DEBUG_INFORMATION_FORMAT = dwarf;
				ENABLE_STRICT_OBJC_MSGSEND = YES;
				ENABLE_TESTABILITY = YES;
				GCC_C_LANGUAGE_STANDARD = gnu11;
				GCC_DYNAMIC_NO_PIC = NO;
				GCC_NO_COMMON_BLOCKS = YES;
				GCC_OPTIMIZATION_LEVEL = 0;
				GCC_PREPROCESSOR_DEFINITIONS = (
					"DEBUG=1",
					"$(inherited)",
				);
				GCC_WARN_64_TO_32_BIT_CONVERSION = YES;
				GCC_WARN_ABOUT_RETURN_TYPE = YES_ERROR;
				GCC_WARN_UNDECLARED_SELECTOR = YES;
				GCC_WARN_UNINITIALIZED_AUTOS = YES_AGGRESSIVE;
				GCC_WARN_UNUSED_FUNCTION = YES;
				GCC_WARN_UNUSED_VARIABLE = YES;
				IPHONEOS_DEPLOYMENT_TARGET = 15.2;
				MTL_ENABLE_DEBUG_INFO = INCLUDE_SOURCE;
				MTL_FAST_MATH = YES;
				ONLY_ACTIVE_ARCH = YES;
				SDKROOT = iphoneos;
				SWIFT_ACTIVE_COMPILATION_CONDITIONS = DEBUG;
				SWIFT_OPTIMIZATION_LEVEL = "-Onone";
			};
			name = Debug;
		};
		AD89FE2827BFD01B00DA59FD /* Release */ = {
			isa = XCBuildConfiguration;
			buildSettings = {
				ALWAYS_SEARCH_USER_PATHS = NO;
				CLANG_ANALYZER_NONNULL = YES;
				CLANG_ANALYZER_NUMBER_OBJECT_CONVERSION = YES_AGGRESSIVE;
				CLANG_CXX_LANGUAGE_STANDARD = "gnu++17";
				CLANG_CXX_LIBRARY = "libc++";
				CLANG_ENABLE_MODULES = YES;
				CLANG_ENABLE_OBJC_ARC = YES;
				CLANG_ENABLE_OBJC_WEAK = YES;
				CLANG_WARN_BLOCK_CAPTURE_AUTORELEASING = YES;
				CLANG_WARN_BOOL_CONVERSION = YES;
				CLANG_WARN_COMMA = YES;
				CLANG_WARN_CONSTANT_CONVERSION = YES;
				CLANG_WARN_DEPRECATED_OBJC_IMPLEMENTATIONS = YES;
				CLANG_WARN_DIRECT_OBJC_ISA_USAGE = YES_ERROR;
				CLANG_WARN_DOCUMENTATION_COMMENTS = YES;
				CLANG_WARN_EMPTY_BODY = YES;
				CLANG_WARN_ENUM_CONVERSION = YES;
				CLANG_WARN_INFINITE_RECURSION = YES;
				CLANG_WARN_INT_CONVERSION = YES;
				CLANG_WARN_NON_LITERAL_NULL_CONVERSION = YES;
				CLANG_WARN_OBJC_IMPLICIT_RETAIN_SELF = YES;
				CLANG_WARN_OBJC_LITERAL_CONVERSION = YES;
				CLANG_WARN_OBJC_ROOT_CLASS = YES_ERROR;
				CLANG_WARN_QUOTED_INCLUDE_IN_FRAMEWORK_HEADER = YES;
				CLANG_WARN_RANGE_LOOP_ANALYSIS = YES;
				CLANG_WARN_STRICT_PROTOTYPES = YES;
				CLANG_WARN_SUSPICIOUS_MOVE = YES;
				CLANG_WARN_UNGUARDED_AVAILABILITY = YES_AGGRESSIVE;
				CLANG_WARN_UNREACHABLE_CODE = YES;
				CLANG_WARN__DUPLICATE_METHOD_MATCH = YES;
				COPY_PHASE_STRIP = NO;
				DEBUG_INFORMATION_FORMAT = "dwarf-with-dsym";
				ENABLE_NS_ASSERTIONS = NO;
				ENABLE_STRICT_OBJC_MSGSEND = YES;
				GCC_C_LANGUAGE_STANDARD = gnu11;
				GCC_NO_COMMON_BLOCKS = YES;
				GCC_WARN_64_TO_32_BIT_CONVERSION = YES;
				GCC_WARN_ABOUT_RETURN_TYPE = YES_ERROR;
				GCC_WARN_UNDECLARED_SELECTOR = YES;
				GCC_WARN_UNINITIALIZED_AUTOS = YES_AGGRESSIVE;
				GCC_WARN_UNUSED_FUNCTION = YES;
				GCC_WARN_UNUSED_VARIABLE = YES;
				IPHONEOS_DEPLOYMENT_TARGET = 15.2;
				MTL_ENABLE_DEBUG_INFO = NO;
				MTL_FAST_MATH = YES;
				SDKROOT = iphoneos;
				SWIFT_COMPILATION_MODE = wholemodule;
				SWIFT_OPTIMIZATION_LEVEL = "-O";
				VALIDATE_PRODUCT = YES;
			};
			name = Release;
		};
		AD89FE2A27BFD01B00DA59FD /* Debug */ = {
			isa = XCBuildConfiguration;
			buildSettings = {
				ASSETCATALOG_COMPILER_APPICON_NAME = AppIcon;
				ASSETCATALOG_COMPILER_GLOBAL_ACCENT_COLOR_NAME = AccentColor;
				CODE_SIGN_STYLE = Automatic;
				CURRENT_PROJECT_VERSION = 1;
				DEVELOPMENT_ASSET_PATHS = "\"InstagramDemo/Preview Content\"";
				ENABLE_PREVIEWS = YES;
				GENERATE_INFOPLIST_FILE = YES;
				INFOPLIST_KEY_UIApplicationSceneManifest_Generation = YES;
				INFOPLIST_KEY_UIApplicationSupportsIndirectInputEvents = YES;
				INFOPLIST_KEY_UILaunchScreen_Generation = YES;
				INFOPLIST_KEY_UISupportedInterfaceOrientations_iPad = "UIInterfaceOrientationPortrait UIInterfaceOrientationPortraitUpsideDown UIInterfaceOrientationLandscapeLeft UIInterfaceOrientationLandscapeRight";
				INFOPLIST_KEY_UISupportedInterfaceOrientations_iPhone = "UIInterfaceOrientationPortrait UIInterfaceOrientationLandscapeLeft UIInterfaceOrientationLandscapeRight";
				LD_RUNPATH_SEARCH_PATHS = (
					"$(inherited)",
					"@executable_path/Frameworks",
				);
				MARKETING_VERSION = 1.0;
				PRODUCT_BUNDLE_IDENTIFIER = demo.InstagramDemo;
				PRODUCT_NAME = "$(TARGET_NAME)";
				SWIFT_EMIT_LOC_STRINGS = YES;
				SWIFT_VERSION = 5.0;
				TARGETED_DEVICE_FAMILY = "1,2";
			};
			name = Debug;
		};
		AD89FE2B27BFD01B00DA59FD /* Release */ = {
			isa = XCBuildConfiguration;
			buildSettings = {
				ASSETCATALOG_COMPILER_APPICON_NAME = AppIcon;
				ASSETCATALOG_COMPILER_GLOBAL_ACCENT_COLOR_NAME = AccentColor;
				CODE_SIGN_STYLE = Automatic;
				CURRENT_PROJECT_VERSION = 1;
				DEVELOPMENT_ASSET_PATHS = "\"InstagramDemo/Preview Content\"";
				ENABLE_PREVIEWS = YES;
				GENERATE_INFOPLIST_FILE = YES;
				INFOPLIST_KEY_UIApplicationSceneManifest_Generation = YES;
				INFOPLIST_KEY_UIApplicationSupportsIndirectInputEvents = YES;
				INFOPLIST_KEY_UILaunchScreen_Generation = YES;
				INFOPLIST_KEY_UISupportedInterfaceOrientations_iPad = "UIInterfaceOrientationPortrait UIInterfaceOrientationPortraitUpsideDown UIInterfaceOrientationLandscapeLeft UIInterfaceOrientationLandscapeRight";
				INFOPLIST_KEY_UISupportedInterfaceOrientations_iPhone = "UIInterfaceOrientationPortrait UIInterfaceOrientationLandscapeLeft UIInterfaceOrientationLandscapeRight";
				LD_RUNPATH_SEARCH_PATHS = (
					"$(inherited)",
					"@executable_path/Frameworks",
				);
				MARKETING_VERSION = 1.0;
				PRODUCT_BUNDLE_IDENTIFIER = demo.InstagramDemo;
				PRODUCT_NAME = "$(TARGET_NAME)";
				SWIFT_EMIT_LOC_STRINGS = YES;
				SWIFT_VERSION = 5.0;
				TARGETED_DEVICE_FAMILY = "1,2";
			};
			name = Release;
		};
/* End XCBuildConfiguration section */

/* Begin XCConfigurationList section */
		AD89FE1627BFD01900DA59FD /* Build configuration list for PBXProject "InstagramDemo" */ = {
			isa = XCConfigurationList;
			buildConfigurations = (
				AD89FE2727BFD01B00DA59FD /* Debug */,
				AD89FE2827BFD01B00DA59FD /* Release */,
			);
			defaultConfigurationIsVisible = 0;
			defaultConfigurationName = Release;
		};
		AD89FE2927BFD01B00DA59FD /* Build configuration list for PBXNativeTarget "InstagramDemo" */ = {
			isa = XCConfigurationList;
			buildConfigurations = (
				AD89FE2A27BFD01B00DA59FD /* Debug */,
				AD89FE2B27BFD01B00DA59FD /* Release */,
			);
			defaultConfigurationIsVisible = 0;
			defaultConfigurationName = Release;
		};
/* End XCConfigurationList section */
	};
	rootObject = AD89FE1327BFD01900DA59FD /* Project object */;
}
